Microsoft Visual Studio Solution File, Format Version 12.00
# Visual Studio Version 17
VisualStudioVersion = 17.5.2.0
MinimumVisualStudioVersion = 10.0.40219.1
Project("{FAE04EC0-301F-11D3-BF4B-00C04F79EFBC}") = "dcit318-Assignment2-11352966", "dcit318-Assignment2-11352966.csproj", "{8D7665CB-87EF-5C93-2371-A31D5CC4A9AF}"
EndProject
Global
	GlobalSection(SolutionConfigurationPlatforms) = preSolution
		Debug|Any CPU = Debug|Any CPU
		Release|Any CPU = Release|Any CPU
	EndGlobalSection
	GlobalSection(ProjectConfigurationPlatforms) = postSolution
		{8D7665CB-87EF-5C93-2371-A31D5CC4A9AF}.Debug|Any CPU.ActiveCfg = Debug|Any CPU
		{8D7665CB-87EF-5C93-2371-A31D5CC4A9AF}.Debug|Any CPU.Build.0 = Debug|Any CPU
		{8D7665CB-87EF-5C93-2371-A31D5CC4A9AF}.Release|Any CPU.ActiveCfg = Release|Any CPU
		{8D7665CB-87EF-5C93-2371-A31D5CC4A9AF}.Release|Any CPU.Build.0 = Release|Any CPU
	EndGlobalSection
	GlobalSection(SolutionProperties) = preSolution
		HideSolutionNode = FALSE
	EndGlobalSection
	GlobalSection(ExtensibilityGlobals) = postSolution
		SolutionGuid = {B655D2A6-2F2C-4D5C-A2F6-4362AF7B48C3}
	EndGlobalSection
EndGlobal
